
Microsoft Visual Studio Solution File, Format Version 12.00
# Visual Studio Version 16
VisualStudioVersion = 16.0.28803.352
MinimumVisualStudioVersion = 10.0.40219.1
Project("{8BC9CEB8-8B4A-11D0-8D11-00A0C91BC942}") = "idd2imd", "idd2imd\idd2imd.vcxproj", "{5DF8D636-EA4F-4AD0-BE25-66A2D44AD31A}"
EndProject
Project("{8BC9CEB8-8B4A-11D0-8D11-00A0C91BC942}") = "imdu", "imdu\imdu.vcxproj", "{EF8A09D5-47B1-4A4D-9A75-DCE29036DA42}"
EndProject
Project("{8BC9CEB8-8B4A-11D0-8D11-00A0C91BC942}") = "mkidsk", "mkidsk\mkidsk.vcxproj", "{624791FE-2D71-4FD9-9153-AF0E5557FAB2}"
EndProject
Project("{8BC9CEB8-8B4A-11D0-8D11-00A0C91BC942}") = "unidsk", "unidsk\unidsk.vcxproj", "{F69D6F30-585A-44F7-8E5B-42B3656E181C}"
EndProject
Project("{8BC9CEB8-8B4A-11D0-8D11-00A0C91BC942}") = "td02imd", "td02imd\td02imd.vcxproj", "{65C59F7B-089A-44E1-BE7A-6DFFA402BC05}"
EndProject
Project("{8BC9CEB8-8B4A-11D0-8D11-00A0C91BC942}") = "td02img", "td02img\td02img.vcxproj", "{5DBA5738-47F1-4931-9584-1B37C5B83683}"
EndProject
Project("{8BC9CEB8-8B4A-11D0-8D11-00A0C91BC942}") = "dmk2imd", "dmk2imd\dmk2imd.vcxproj", "{8CBDF668-B2D4-4328-8C28-40D631C4007A}"
EndProject
Project("{8BC9CEB8-8B4A-11D0-8D11-00A0C91BC942}") = "bin2imd", "bin2imd\bin2imd.vcxproj", "{43DCC337-2486-465E-8ABC-42988FEFA597}"
EndProject
Project("{8BC9CEB8-8B4A-11D0-8D11-00A0C91BC942}") = "zdsdsk", "zdsdsk\zdsdsk.vcxproj", "{16642AF5-348E-48B1-920E-FC9CE7057868}"
EndProject
Project("{8BC9CEB8-8B4A-11D0-8D11-00A0C91BC942}") = "dpll", "dpll\dpll.vcxproj", "{2A8B15DC-28F4-4D86-BF0E-63B9FA523B7F}"
EndProject
Project("{8BC9CEB8-8B4A-11D0-8D11-00A0C91BC942}") = "analysis", "analysis\analysis.vcxproj", "{68C590E4-3536-4553-B8AB-11E13C73C7D0}"
EndProject
Global
	GlobalSection(SolutionConfigurationPlatforms) = preSolution
		Debug|x64 = Debug|x64
		Debug|x86 = Debug|x86
		Release|x64 = Release|x64
		Release|x86 = Release|x86
	EndGlobalSection
	GlobalSection(ProjectConfigurationPlatforms) = postSolution
		{5DF8D636-EA4F-4AD0-BE25-66A2D44AD31A}.Debug|x64.ActiveCfg = Debug|x64
		{5DF8D636-EA4F-4AD0-BE25-66A2D44AD31A}.Debug|x64.Build.0 = Debug|x64
		{5DF8D636-EA4F-4AD0-BE25-66A2D44AD31A}.Debug|x86.ActiveCfg = Debug|Win32
		{5DF8D636-EA4F-4AD0-BE25-66A2D44AD31A}.Debug|x86.Build.0 = Debug|Win32
		{5DF8D636-EA4F-4AD0-BE25-66A2D44AD31A}.Release|x64.ActiveCfg = Release|x64
		{5DF8D636-EA4F-4AD0-BE25-66A2D44AD31A}.Release|x64.Build.0 = Release|x64
		{5DF8D636-EA4F-4AD0-BE25-66A2D44AD31A}.Release|x86.ActiveCfg = Release|Win32
		{5DF8D636-EA4F-4AD0-BE25-66A2D44AD31A}.Release|x86.Build.0 = Release|Win32
		{EF8A09D5-47B1-4A4D-9A75-DCE29036DA42}.Debug|x64.ActiveCfg = Debug|x64
		{EF8A09D5-47B1-4A4D-9A75-DCE29036DA42}.Debug|x64.Build.0 = Debug|x64
		{EF8A09D5-47B1-4A4D-9A75-DCE29036DA42}.Debug|x86.ActiveCfg = Debug|Win32
		{EF8A09D5-47B1-4A4D-9A75-DCE29036DA42}.Debug|x86.Build.0 = Debug|Win32
		{EF8A09D5-47B1-4A4D-9A75-DCE29036DA42}.Release|x64.ActiveCfg = Release|x64
		{EF8A09D5-47B1-4A4D-9A75-DCE29036DA42}.Release|x64.Build.0 = Release|x64
		{EF8A09D5-47B1-4A4D-9A75-DCE29036DA42}.Release|x86.ActiveCfg = Release|Win32
		{EF8A09D5-47B1-4A4D-9A75-DCE29036DA42}.Release|x86.Build.0 = Release|Win32
		{624791FE-2D71-4FD9-9153-AF0E5557FAB2}.Debug|x64.ActiveCfg = Debug|x64
		{624791FE-2D71-4FD9-9153-AF0E5557FAB2}.Debug|x64.Build.0 = Debug|x64
		{624791FE-2D71-4FD9-9153-AF0E5557FAB2}.Debug|x86.ActiveCfg = Debug|Win32
		{624791FE-2D71-4FD9-9153-AF0E5557FAB2}.Debug|x86.Build.0 = Debug|Win32
		{624791FE-2D71-4FD9-9153-AF0E5557FAB2}.Release|x64.ActiveCfg = Release|x64
		{624791FE-2D71-4FD9-9153-AF0E5557FAB2}.Release|x64.Build.0 = Release|x64
		{624791FE-2D71-4FD9-9153-AF0E5557FAB2}.Release|x86.ActiveCfg = Release|Win32
		{624791FE-2D71-4FD9-9153-AF0E5557FAB2}.Release|x86.Build.0 = Release|Win32
		{F69D6F30-585A-44F7-8E5B-42B3656E181C}.Debug|x64.ActiveCfg = Debug|x64
		{F69D6F30-585A-44F7-8E5B-42B3656E181C}.Debug|x64.Build.0 = Debug|x64
		{F69D6F30-585A-44F7-8E5B-42B3656E181C}.Debug|x86.ActiveCfg = Debug|Win32
		{F69D6F30-585A-44F7-8E5B-42B3656E181C}.Debug|x86.Build.0 = Debug|Win32
		{F69D6F30-585A-44F7-8E5B-42B3656E181C}.Release|x64.ActiveCfg = Release|x64
		{F69D6F30-585A-44F7-8E5B-42B3656E181C}.Release|x64.Build.0 = Release|x64
		{F69D6F30-585A-44F7-8E5B-42B3656E181C}.Release|x86.ActiveCfg = Release|Win32
		{F69D6F30-585A-44F7-8E5B-42B3656E181C}.Release|x86.Build.0 = Release|Win32
		{65C59F7B-089A-44E1-BE7A-6DFFA402BC05}.Debug|x64.ActiveCfg = Debug|x64
		{65C59F7B-089A-44E1-BE7A-6DFFA402BC05}.Debug|x64.Build.0 = Debug|x64
		{65C59F7B-089A-44E1-BE7A-6DFFA402BC05}.Debug|x86.ActiveCfg = Debug|Win32
		{65C59F7B-089A-44E1-BE7A-6DFFA402BC05}.Debug|x86.Build.0 = Debug|Win32
		{65C59F7B-089A-44E1-BE7A-6DFFA402BC05}.Release|x64.ActiveCfg = Release|x64
		{65C59F7B-089A-44E1-BE7A-6DFFA402BC05}.Release|x64.Build.0 = Release|x64
		{65C59F7B-089A-44E1-BE7A-6DFFA402BC05}.Release|x86.ActiveCfg = Release|Win32
		{65C59F7B-089A-44E1-BE7A-6DFFA402BC05}.Release|x86.Build.0 = Release|Win32
		{5DBA5738-47F1-4931-9584-1B37C5B83683}.Debug|x64.ActiveCfg = Debug|x64
		{5DBA5738-47F1-4931-9584-1B37C5B83683}.Debug|x64.Build.0 = Debug|x64
		{5DBA5738-47F1-4931-9584-1B37C5B83683}.Debug|x86.ActiveCfg = Debug|Win32
		{5DBA5738-47F1-4931-9584-1B37C5B83683}.Debug|x86.Build.0 = Debug|Win32
		{5DBA5738-47F1-4931-9584-1B37C5B83683}.Release|x64.ActiveCfg = Release|x64
		{5DBA5738-47F1-4931-9584-1B37C5B83683}.Release|x64.Build.0 = Release|x64
		{5DBA5738-47F1-4931-9584-1B37C5B83683}.Release|x86.ActiveCfg = Release|Win32
		{5DBA5738-47F1-4931-9584-1B37C5B83683}.Release|x86.Build.0 = Release|Win32
		{8CBDF668-B2D4-4328-8C28-40D631C4007A}.Debug|x64.ActiveCfg = Debug|x64
		{8CBDF668-B2D4-4328-8C28-40D631C4007A}.Debug|x64.Build.0 = Debug|x64
		{8CBDF668-B2D4-4328-8C28-40D631C4007A}.Debug|x86.ActiveCfg = Debug|Win32
		{8CBDF668-B2D4-4328-8C28-40D631C4007A}.Debug|x86.Build.0 = Debug|Win32
		{8CBDF668-B2D4-4328-8C28-40D631C4007A}.Release|x64.ActiveCfg = Release|x64
		{8CBDF668-B2D4-4328-8C28-40D631C4007A}.Release|x64.Build.0 = Release|x64
		{8CBDF668-B2D4-4328-8C28-40D631C4007A}.Release|x86.ActiveCfg = Release|Win32
		{8CBDF668-B2D4-4328-8C28-40D631C4007A}.Release|x86.Build.0 = Release|Win32
		{43DCC337-2486-465E-8ABC-42988FEFA597}.Debug|x64.ActiveCfg = Debug|x64
		{43DCC337-2486-465E-8ABC-42988FEFA597}.Debug|x64.Build.0 = Debug|x64
		{43DCC337-2486-465E-8ABC-42988FEFA597}.Debug|x86.ActiveCfg = Debug|Win32
		{43DCC337-2486-465E-8ABC-42988FEFA597}.Debug|x86.Build.0 = Debug|Win32
		{43DCC337-2486-465E-8ABC-42988FEFA597}.Release|x64.ActiveCfg = Release|x64
		{43DCC337-2486-465E-8ABC-42988FEFA597}.Release|x64.Build.0 = Release|x64
		{43DCC337-2486-465E-8ABC-42988FEFA597}.Release|x86.ActiveCfg = Release|Win32
		{43DCC337-2486-465E-8ABC-42988FEFA597}.Release|x86.Build.0 = Release|Win32
		{16642AF5-348E-48B1-920E-FC9CE7057868}.Debug|x64.ActiveCfg = Debug|x64
		{16642AF5-348E-48B1-920E-FC9CE7057868}.Debug|x64.Build.0 = Debug|x64
		{16642AF5-348E-48B1-920E-FC9CE7057868}.Debug|x86.ActiveCfg = Debug|Win32
		{16642AF5-348E-48B1-920E-FC9CE7057868}.Debug|x86.Build.0 = Debug|Win32
		{16642AF5-348E-48B1-920E-FC9CE7057868}.Release|x64.ActiveCfg = Release|x64
		{16642AF5-348E-48B1-920E-FC9CE7057868}.Release|x64.Build.0 = Release|x64
		{16642AF5-348E-48B1-920E-FC9CE7057868}.Release|x86.ActiveCfg = Release|Win32
		{16642AF5-348E-48B1-920E-FC9CE7057868}.Release|x86.Build.0 = Release|Win32
		{2A8B15DC-28F4-4D86-BF0E-63B9FA523B7F}.Debug|x64.ActiveCfg = Debug|x64
		{2A8B15DC-28F4-4D86-BF0E-63B9FA523B7F}.Debug|x64.Build.0 = Debug|x64
		{2A8B15DC-28F4-4D86-BF0E-63B9FA523B7F}.Debug|x86.ActiveCfg = Debug|Win32
		{2A8B15DC-28F4-4D86-BF0E-63B9FA523B7F}.Debug|x86.Build.0 = Debug|Win32
		{2A8B15DC-28F4-4D86-BF0E-63B9FA523B7F}.Release|x64.ActiveCfg = Release|x64
		{2A8B15DC-28F4-4D86-BF0E-63B9FA523B7F}.Release|x64.Build.0 = Release|x64
		{2A8B15DC-28F4-4D86-BF0E-63B9FA523B7F}.Release|x86.ActiveCfg = Release|Win32
		{2A8B15DC-28F4-4D86-BF0E-63B9FA523B7F}.Release|x86.Build.0 = Release|Win32
		{68C590E4-3536-4553-B8AB-11E13C73C7D0}.Debug|x64.ActiveCfg = Debug|x64
		{68C590E4-3536-4553-B8AB-11E13C73C7D0}.Debug|x64.Build.0 = Debug|x64
		{68C590E4-3536-4553-B8AB-11E13C73C7D0}.Debug|x86.ActiveCfg = Debug|Win32
		{68C590E4-3536-4553-B8AB-11E13C73C7D0}.Debug|x86.Build.0 = Debug|Win32
		{68C590E4-3536-4553-B8AB-11E13C73C7D0}.Release|x64.ActiveCfg = Release|x64
		{68C590E4-3536-4553-B8AB-11E13C73C7D0}.Release|x64.Build.0 = Release|x64
		{68C590E4-3536-4553-B8AB-11E13C73C7D0}.Release|x86.ActiveCfg = Release|Win32
		{68C590E4-3536-4553-B8AB-11E13C73C7D0}.Release|x86.Build.0 = Release|Win32
	EndGlobalSection
	GlobalSection(SolutionProperties) = preSolution
		HideSolutionNode = FALSE
	EndGlobalSection
	GlobalSection(ExtensibilityGlobals) = postSolution
		SolutionGuid = {3504CFA6-F674-401C-81A8-E05DAABFF949}
	EndGlobalSection
EndGlobal
