<?xml version="1.0" encoding="utf-8"?>
<Project ToolsVersion="4.0" xmlns="http://schemas.microsoft.com/developer/msbuild/2003">
  <ItemGroup>
    <ClCompile Include="flux.c">
      <Filter>Source Files</Filter>
    </ClCompile>
    <ClCompile Include="idd2imd.c">
      <Filter>Source Files</Filter>
    </ClCompile>
    <ClCompile Include="writeImage.c">
      <Filter>Source Files</Filter>
    </ClCompile>
    <ClCompile Include="zip.c">
      <Filter>Source Files</Filter>
    </ClCompile>
    <ClCompile Include="decode.c">
      <Filter>Source Files</Filter>
    </ClCompile>
  </ItemGroup>
  <ItemGroup>
    <ClInclude Include="flux.h">
      <Filter>Header Files</Filter>
    </ClInclude>
    <ClInclude Include="miniz.h">
      <Filter>Header Files</Filter>
    </ClInclude>
    <ClInclude Include="zip.h">
      <Filter>Header Files</Filter>
    </ClInclude>
  </ItemGroup>
  <ItemGroup>
    <Filter Include="Header Files">
      <UniqueIdentifier>{e94f4371-b31b-4af4-b4a8-508f62ae901d}</UniqueIdentifier>
    </Filter>
    <Filter Include="Source Files">
      <UniqueIdentifier>{5bf857be-d242-4d3c-ad91-c972337e743a}</UniqueIdentifier>
    </Filter>
  </ItemGroup>
</Project>